{
  "name": "factor-monitor",
  "version": "1.0.0",
  "lockfileVersion": 2,
  "requires": true,
  "packages": {
    "": {
      "name": "factor-monitor",
      "version": "1.0.0",
      "workspaces": [
        "packages/*"
      ]
    },
    "node_modules/page": {
      "resolved": "packages/page",
      "link": true
    },
    "node_modules/server": {
      "resolved": "packages/server",
      "link": true
    },
    "packages/page": {
      "version": "1.0.0"
    },
    "packages/server": {
      "version": "1.0.0"
    }
  },
  "dependencies": {
    "page": {
      "version": "file:packages/page"
    },
    "server": {
      "version": "file:packages/server"
    }
  }
}
